
Microsoft Visual Studio Solution File, Format Version 12.00
# Visual Studio Version 16
VisualStudioVersion = 16.0.31729.503
MinimumVisualStudioVersion = 10.0.40219.1
Project("{9A19103F-16F7-4668-BE54-9A1E7A4F7556}") = "TextBufferCommon", "TextBufferCommon\TextBufferCommon.csproj", "{FCBB0761-1D61-4413-B0E9-8F8555C4053F}"
EndProject
Project("{9A19103F-16F7-4668-BE54-9A1E7A4F7556}") = "TextBufferTester", "TextBufferTester\TextBufferTester.csproj", "{0F96640D-C5F9-43B3-B02E-A1A2AADC785C}"
EndProject
Project("{9A19103F-16F7-4668-BE54-9A1E7A4F7556}") = "TextBufferStats", "TextBufferStats\TextBufferStats.csproj", "{D4E00262-8AE4-458A-A302-C771CD210431}"
EndProject
Project("{FAE04EC0-301F-11D3-BF4B-00C04F79EFBC}") = "TextBufferImplementations", "TextBufferImplementations\TextBufferImplementations.csproj", "{BDB26D64-2BE4-4A80-BE52-25D2FB267499}"
EndProject
Global
	GlobalSection(SolutionConfigurationPlatforms) = preSolution
		Debug|Any CPU = Debug|Any CPU
		Release|Any CPU = Release|Any CPU
	EndGlobalSection
	GlobalSection(ProjectConfigurationPlatforms) = postSolution
		{FCBB0761-1D61-4413-B0E9-8F8555C4053F}.Debug|Any CPU.ActiveCfg = Debug|Any CPU
		{FCBB0761-1D61-4413-B0E9-8F8555C4053F}.Debug|Any CPU.Build.0 = Debug|Any CPU
		{FCBB0761-1D61-4413-B0E9-8F8555C4053F}.Release|Any CPU.ActiveCfg = Release|Any CPU
		{FCBB0761-1D61-4413-B0E9-8F8555C4053F}.Release|Any CPU.Build.0 = Release|Any CPU
		{0F96640D-C5F9-43B3-B02E-A1A2AADC785C}.Debug|Any CPU.ActiveCfg = Debug|Any CPU
		{0F96640D-C5F9-43B3-B02E-A1A2AADC785C}.Debug|Any CPU.Build.0 = Debug|Any CPU
		{0F96640D-C5F9-43B3-B02E-A1A2AADC785C}.Release|Any CPU.ActiveCfg = Release|Any CPU
		{0F96640D-C5F9-43B3-B02E-A1A2AADC785C}.Release|Any CPU.Build.0 = Release|Any CPU
		{D4E00262-8AE4-458A-A302-C771CD210431}.Debug|Any CPU.ActiveCfg = Debug|Any CPU
		{D4E00262-8AE4-458A-A302-C771CD210431}.Debug|Any CPU.Build.0 = Debug|Any CPU
		{D4E00262-8AE4-458A-A302-C771CD210431}.Release|Any CPU.ActiveCfg = Release|Any CPU
		{D4E00262-8AE4-458A-A302-C771CD210431}.Release|Any CPU.Build.0 = Release|Any CPU
		{BDB26D64-2BE4-4A80-BE52-25D2FB267499}.Debug|Any CPU.ActiveCfg = Debug|Any CPU
		{BDB26D64-2BE4-4A80-BE52-25D2FB267499}.Debug|Any CPU.Build.0 = Debug|Any CPU
		{BDB26D64-2BE4-4A80-BE52-25D2FB267499}.Release|Any CPU.ActiveCfg = Release|Any CPU
		{BDB26D64-2BE4-4A80-BE52-25D2FB267499}.Release|Any CPU.Build.0 = Release|Any CPU
	EndGlobalSection
	GlobalSection(SolutionProperties) = preSolution
		HideSolutionNode = FALSE
	EndGlobalSection
	GlobalSection(ExtensibilityGlobals) = postSolution
		SolutionGuid = {E957A1D7-62FC-4BA3-B6D2-2FD19057F87B}
	EndGlobalSection
EndGlobal
